# This file is autogenerated, do not edit; changes may be undone by the next 'dep ensure'.


[[projects]]
  branch = "master"
  name = "github.com/chzyer/readline"
  packages = ["."]
  revision = "2972be24d48e78746da79ba8e24e8b488c9880de"

[[projects]]
  branch = "master"
  name = "github.com/juju/ansiterm"
  packages = [".","tabwriter"]
  revision = "720a0952cc2ac777afc295d9861263e2a4cf96a1"

[[projects]]
  name = "github.com/lunixbochs/vtclean"
  packages = ["."]
  revision = "88cfb0c2efe8ed7b0ccf0af83db39359829027bb"
  version = "v1.0.0"

[[projects]]
  name = "github.com/manifoldco/promptui"
  packages = [".","list","screenbuf"]
  revision = "157c96fb638a14d268b305cf2012582431fcc410"
  version = "v0.3.1"

[[projects]]
  name = "github.com/mattn/go-colorable"
  packages = ["."]
  revision = "8029fb3788e5a4a9c00e415f586a6d033f5d38b3"
  version = "v0.1.2"

[[projects]]
  name = "github.com/mattn/go-isatty"
  packages = ["."]
  revision = "e1f7b56ace729e4a73a29a6b4fac6cd5fcda7ab3"
  version = "v0.0.9"

[[projects]]
  branch = "master"
  name = "golang.org/x/sys"
  packages = ["unix"]
  revision = "fde4db37ae7ad8191b03d30d27f258b5291ae4e3"

[solve-meta]
  analyzer-name = "dep"
  analyzer-version = 1
  inputs-digest = "6b5fb5c706daf3c22ae99c5130bce8162355d5bc91d22ff50f053b2700362ed7"
  solver-name = "gps-cdcl"
  solver-version = 1
